
Microsoft Visual Studio Solution File, Format Version 12.00
# Visual Studio Version 17
VisualStudioVersion = 17.2.32505.173
MinimumVisualStudioVersion = 10.0.40219.1
Project("{FAE04EC0-301F-11D3-BF4B-00C04F79EFBC}") = "Lab 10_Task", "Lab 10_Task\Lab 10_Task.csproj", "{4973C3F2-32D5-44D7-AB35-4DD342F85160}"
EndProject
Global
	GlobalSection(SolutionConfigurationPlatforms) = preSolution
		Debug|Any CPU = Debug|Any CPU
		Release|Any CPU = Release|Any CPU
	EndGlobalSection
	GlobalSection(ProjectConfigurationPlatforms) = postSolution
		{4973C3F2-32D5-44D7-AB35-4DD342F85160}.Debug|Any CPU.ActiveCfg = Debug|Any CPU
		{4973C3F2-32D5-44D7-AB35-4DD342F85160}.Debug|Any CPU.Build.0 = Debug|Any CPU
		{4973C3F2-32D5-44D7-AB35-4DD342F85160}.Release|Any CPU.ActiveCfg = Release|Any CPU
		{4973C3F2-32D5-44D7-AB35-4DD342F85160}.Release|Any CPU.Build.0 = Release|Any CPU
	EndGlobalSection
	GlobalSection(SolutionProperties) = preSolution
		HideSolutionNode = FALSE
	EndGlobalSection
	GlobalSection(ExtensibilityGlobals) = postSolution
		SolutionGuid = {8127395C-0B21-4533-9F04-9D2F057A78CC}
	EndGlobalSection
EndGlobal
